
Microsoft Visual Studio Solution File, Format Version 12.00
# Visual Studio 2013
VisualStudioVersion = 12.0.31101.0
MinimumVisualStudioVersion = 10.0.40219.1
Project("{FAE04EC0-301F-11D3-BF4B-00C04F79EFBC}") = "AutomotaNotNull_", "AutomotaNotNull_\AutomotaNotNull_.csproj", "{67756CFF-F8FC-428E-BA00-3CC612A12F02}"
EndProject
Project("{FAE04EC0-301F-11D3-BF4B-00C04F79EFBC}") = "Datos", "Datos\Datos.csproj", "{0C9257B4-C083-44EF-A5E9-AD723E79ACDF}"
EndProject
Project("{FAE04EC0-301F-11D3-BF4B-00C04F79EFBC}") = "Negocio", "Negocio\Negocio.csproj", "{37FEFCE8-D1FB-4672-A15B-A55FF17C331F}"
EndProject
Global
	GlobalSection(SolutionConfigurationPlatforms) = preSolution
		Debug|Any CPU = Debug|Any CPU
		Release|Any CPU = Release|Any CPU
	EndGlobalSection
	GlobalSection(ProjectConfigurationPlatforms) = postSolution
		{67756CFF-F8FC-428E-BA00-3CC612A12F02}.Debug|Any CPU.ActiveCfg = Debug|Any CPU
		{67756CFF-F8FC-428E-BA00-3CC612A12F02}.Debug|Any CPU.Build.0 = Debug|Any CPU
		{67756CFF-F8FC-428E-BA00-3CC612A12F02}.Release|Any CPU.ActiveCfg = Release|Any CPU
		{67756CFF-F8FC-428E-BA00-3CC612A12F02}.Release|Any CPU.Build.0 = Release|Any CPU
		{0C9257B4-C083-44EF-A5E9-AD723E79ACDF}.Debug|Any CPU.ActiveCfg = Debug|Any CPU
		{0C9257B4-C083-44EF-A5E9-AD723E79ACDF}.Debug|Any CPU.Build.0 = Debug|Any CPU
		{0C9257B4-C083-44EF-A5E9-AD723E79ACDF}.Release|Any CPU.ActiveCfg = Release|Any CPU
		{0C9257B4-C083-44EF-A5E9-AD723E79ACDF}.Release|Any CPU.Build.0 = Release|Any CPU
		{37FEFCE8-D1FB-4672-A15B-A55FF17C331F}.Debug|Any CPU.ActiveCfg = Debug|Any CPU
		{37FEFCE8-D1FB-4672-A15B-A55FF17C331F}.Debug|Any CPU.Build.0 = Debug|Any CPU
		{37FEFCE8-D1FB-4672-A15B-A55FF17C331F}.Release|Any CPU.ActiveCfg = Release|Any CPU
		{37FEFCE8-D1FB-4672-A15B-A55FF17C331F}.Release|Any CPU.Build.0 = Release|Any CPU
	EndGlobalSection
	GlobalSection(SolutionProperties) = preSolution
		HideSolutionNode = FALSE
	EndGlobalSection
EndGlobal
